<?xml version="1.0" encoding="UTF-8" standalone="yes" ?>
<CodeBlocks_project_file>
	<FileVersion major="1" minor="6" />
	<Project>
		<Option title="aircraft" />
		<Option pch_mode="2" />
		<Option compiler="gcc" />
		<Build>
			<Target title="Default">
				<Option output="bin/aircraft" prefix_auto="1" extension_auto="1" />
				<Option object_output=".obj/" />
				<Option type="1" />
				<Option compiler="gcc" />
				<Compiler>
					<Add option="-O2" />
				</Compiler>
				<Linker>
					<Add option="-s" />
				</Linker>
			</Target>
		</Build>
		<Compiler>
			<Add option="-Wall" />
			<Add option="`sdl-config --cflags` -Iinclude" />
		</Compiler>
		<Linker>
			<Add option="`sdl-config --libs` -lSDL_image -lSDL_ttf -lSDL_mixer" />
		</Linker>
		<Unit filename="include/aircraft.h" />
		<Unit filename="include/application.h" />
		<Unit filename="include/audio.h" />
		<Unit filename="include/core.h" />
		<Unit filename="include/enemy.h" />
		<Unit filename="include/event.h" />
		<Unit filename="include/explosion.h" />
		<Unit filename="include/font.h" />
		<Unit filename="include/hud.h" />
		<Unit filename="include/image.h" />
		<Unit filename="include/interfaces.h" />
		<Unit filename="include/main.h" />
		<Unit filename="include/screen.h" />
		<Unit filename="include/shot.h" />
		<Unit filename="include/world.h" />
		<Unit filename="src/aircraft.cpp" />
		<Unit filename="src/application.cpp" />
		<Unit filename="src/audio.cpp" />
		<Unit filename="src/enemy.cpp" />
		<Unit filename="src/event.cpp" />
		<Unit filename="src/explosion.cpp" />
		<Unit filename="src/font.cpp" />
		<Unit filename="src/hud.cpp" />
		<Unit filename="src/image.cpp" />
		<Unit filename="src/main.cpp" />
		<Unit filename="src/screen.cpp" />
		<Unit filename="src/shot.cpp" />
		<Unit filename="src/world.cpp" />
		<Extensions>
			<envvars />
			<code_completion />
			<lib_finder disable_auto="1" />
			<debugger />
		</Extensions>
	</Project>
</CodeBlocks_project_file>
